<?xml version="1.0" encoding="utf-8"?>
<Project ToolsVersion="4.0" xmlns="http://schemas.microsoft.com/developer/msbuild/2003">
  <ItemGroup>
    <ClCompile Include="main.cpp">
      <Filter>Fichiers sources</Filter>
    </ClCompile>
    <ClCompile Include="Baker.cpp">
      <Filter>Fichiers sources\Character</Filter>
    </ClCompile>
    <ClCompile Include="Node.cpp">
      <Filter>Fichiers sources\Struct</Filter>
    </ClCompile>
    <ClCompile Include="Pawn.cpp">
      <Filter>Fichiers sources\Struct</Filter>
    </ClCompile>
    <ClCompile Include="FluxNode.cpp">
      <Filter>Fichiers sources\Nodes</Filter>
    </ClCompile>
    <ClCompile Include="RootNode.cpp">
      <Filter>Fichiers sources\Nodes</Filter>
    </ClCompile>
    <ClCompile Include="TaskNode.cpp">
      <Filter>Fichiers sources\Nodes</Filter>
    </ClCompile>
    <ClCompile Include="KeyStruct.cpp">
      <Filter>Fichiers sources\SceneManager</Filter>
    </ClCompile>
    <ClCompile Include="Morning.cpp">
      <Filter>Fichiers sources\Level</Filter>
    </ClCompile>
    <ClCompile Include="Menu.cpp">
      <Filter>Fichiers sources\Level</Filter>
    </ClCompile>
    <ClCompile Include="SceneManager.cpp">
      <Filter>Fichiers sources\SceneManager</Filter>
    </ClCompile>
    <ClCompile Include="Scene.cpp">
      <Filter>Fichiers sources\SceneManager</Filter>
    </ClCompile>
    <ClCompile Include="GUI_button.cpp">
      <Filter>Fichiers sources</Filter>
    </ClCompile>
    <ClCompile Include="Shop.cpp" />
    <ClCompile Include="Bakery.cpp" />
  </ItemGroup>
  <ItemGroup>
    <ClInclude Include="Baker.h">
      <Filter>Fichiers d%27en-tête\Character</Filter>
    </ClInclude>
    <ClInclude Include="Node.h">
      <Filter>Fichiers d%27en-tête\Struct</Filter>
    </ClInclude>
    <ClInclude Include="Pawn.h">
      <Filter>Fichiers d%27en-tête\Struct</Filter>
    </ClInclude>
    <ClInclude Include="FluxNode.h">
      <Filter>Fichiers d%27en-tête\Nodes</Filter>
    </ClInclude>
    <ClInclude Include="RootNode.h">
      <Filter>Fichiers d%27en-tête\Nodes</Filter>
    </ClInclude>
    <ClInclude Include="TaskNode.h">
      <Filter>Fichiers d%27en-tête\Nodes</Filter>
    </ClInclude>
    <ClInclude Include="KeyStruct.h">
      <Filter>Fichiers d%27en-tête\SceneManager</Filter>
    </ClInclude>
    <ClInclude Include="GUI_button.h">
      <Filter>Fichiers d%27en-tête</Filter>
    </ClInclude>
    <ClInclude Include="Menu.h">
      <Filter>Fichiers d%27en-tête\Level</Filter>
    </ClInclude>
    <ClInclude Include="Morning.h">
      <Filter>Fichiers d%27en-tête\Level</Filter>
    </ClInclude>
    <ClInclude Include="Scene.h">
      <Filter>Fichiers d%27en-tête\SceneManager</Filter>
    </ClInclude>
    <ClInclude Include="SceneManager.h">
      <Filter>Fichiers d%27en-tête\SceneManager</Filter>
    </ClInclude>
    <ClInclude Include="Shop.h" />
    <ClInclude Include="Bakery.h" />
  </ItemGroup>
  <ItemGroup>
    <Filter Include="Fichiers d%27en-tête">
      <UniqueIdentifier>{1a54f08c-e746-44ab-823b-1b0da24643c0}</UniqueIdentifier>
    </Filter>
    <Filter Include="Fichiers sources">
      <UniqueIdentifier>{182a8f55-9192-4704-9b31-dd9823f88aef}</UniqueIdentifier>
    </Filter>
    <Filter Include="Fichiers de ressources">
      <UniqueIdentifier>{eeb503ac-a8c5-4c2c-bfa5-97a1cc8719b2}</UniqueIdentifier>
    </Filter>
    <Filter Include="Fichiers d%27en-tête\Struct">
      <UniqueIdentifier>{41c60879-4281-4d36-80a3-a1df24e5e82d}</UniqueIdentifier>
    </Filter>
    <Filter Include="Fichiers d%27en-tête\Nodes">
      <UniqueIdentifier>{bfc629a2-ce98-4cdf-bf71-0a4aea433c60}</UniqueIdentifier>
    </Filter>
    <Filter Include="Fichiers d%27en-tête\Character">
      <UniqueIdentifier>{55bc84b1-82b9-47fb-91e6-925381a7873f}</UniqueIdentifier>
    </Filter>
    <Filter Include="Fichiers sources\Struct">
      <UniqueIdentifier>{4da4ec4f-4427-4c3b-9053-ba57bed8f9e6}</UniqueIdentifier>
    </Filter>
    <Filter Include="Fichiers sources\Nodes">
      <UniqueIdentifier>{6747bc17-0280-4a5f-a1f4-e4f7ce672dcc}</UniqueIdentifier>
    </Filter>
    <Filter Include="Fichiers sources\Character">
      <UniqueIdentifier>{aa7eccb2-0ff8-4e5e-b6aa-58a829b168a1}</UniqueIdentifier>
    </Filter>
    <Filter Include="Fichiers sources\SceneManager">
      <UniqueIdentifier>{c3ff0174-865a-415e-8635-911c10765bb4}</UniqueIdentifier>
    </Filter>
    <Filter Include="Fichiers d%27en-tête\SceneManager">
      <UniqueIdentifier>{c750f4bc-2b4a-4e79-9340-8b2ffcb84847}</UniqueIdentifier>
    </Filter>
    <Filter Include="Fichiers sources\Level">
      <UniqueIdentifier>{45979e41-4501-4519-8e12-5609e6847eec}</UniqueIdentifier>
    </Filter>
    <Filter Include="Fichiers d%27en-tête\Level">
      <UniqueIdentifier>{2b45693b-7d3e-4c50-831f-5e2365e3f97e}</UniqueIdentifier>
    </Filter>
  </ItemGroup>
</Project>